Microsoft Visual Studio Solution File, Format Version 12.00
# Visual Studio Version 17
VisualStudioVersion = 17.8.0.0
MinimumVisualStudioVersion = 17.8.0.0
Project("{9A19103F-16F7-4668-BE54-9A1E7A4F7556}") = "app.AppHost", "app.AppHost\app.AppHost.csproj", "{24C7EEF7-CA88-46EE-87CD-2F2DC956A59E}"
EndProject
Project("{9A19103F-16F7-4668-BE54-9A1E7A4F7556}") = "app.Server", "app.Server\app.Server.csproj", "{0102BAF2-8863-43F7-8A08-A22AF322E040}"
EndProject
Project("{54A90642-561A-4BB1-A94E-469ADEE60C69}") = "frontend", "frontend\frontend.esproj", "{B3EC880A-8AA1-49AB-B2EC-3D8D020E5BDD}"
EndProject

Global
	GlobalSection(SolutionConfigurationPlatforms) = preSolution
		Debug|Any CPU = Debug|Any CPU
		Release|Any CPU = Release|Any CPU
	EndGlobalSection
	GlobalSection(ProjectConfigurationPlatforms) = postSolution
		{24C7EEF7-CA88-46EE-87CD-2F2DC956A59E}.Debug|Any CPU.ActiveCfg = Debug|Any CPU
		{24C7EEF7-CA88-46EE-87CD-2F2DC956A59E}.Debug|Any CPU.Build.0 = Debug|Any CPU
		{24C7EEF7-CA88-46EE-87CD-2F2DC956A59E}.Release|Any CPU.ActiveCfg = Release|Any CPU
		{24C7EEF7-CA88-46EE-87CD-2F2DC956A59E}.Release|Any CPU.Build.0 = Release|Any CPU
		{0102BAF2-8863-43F7-8A08-A22AF322E040}.Debug|Any CPU.ActiveCfg = Debug|Any CPU
		{0102BAF2-8863-43F7-8A08-A22AF322E040}.Debug|Any CPU.Build.0 = Debug|Any CPU
		{0102BAF2-8863-43F7-8A08-A22AF322E040}.Release|Any CPU.ActiveCfg = Release|Any CPU
		{0102BAF2-8863-43F7-8A08-A22AF322E040}.Release|Any CPU.Build.0 = Release|Any CPU
		{B3EC880A-8AA1-49AB-B2EC-3D8D020E5BDD}.Debug|Any CPU.ActiveCfg = Debug|Any CPU
		{B3EC880A-8AA1-49AB-B2EC-3D8D020E5BDD}.Debug|Any CPU.Build.0 = Debug|Any CPU
		{B3EC880A-8AA1-49AB-B2EC-3D8D020E5BDD}.Release|Any CPU.ActiveCfg = Release|Any CPU
		{B3EC880A-8AA1-49AB-B2EC-3D8D020E5BDD}.Release|Any CPU.Build.0 = Release|Any CPU

	EndGlobalSection
	GlobalSection(SolutionProperties) = preSolution
		HideSolutionNode = FALSE
	EndGlobalSection
	GlobalSection(ExtensibilityGlobals) = postSolution
		SolutionGuid = {52E01DAC-8C95-4F48-9A83-AF4574CCE862}
	EndGlobalSection
EndGlobal
